
Microsoft Visual Studio Solution File, Format Version 12.00
# Visual Studio Version 17
VisualStudioVersion = 17.7.34024.191
MinimumVisualStudioVersion = 10.0.40219.1
Project("{9A19103F-16F7-4668-BE54-9A1E7A4F7556}") = "SILF.Script", "SILF.Script\SILF.Script.csproj", "{BB2B3DA4-233A-4D30-885E-673D538BDEEE}"
EndProject
Global
	GlobalSection(SolutionConfigurationPlatforms) = preSolution
		Debug|Any CPU = Debug|Any CPU
		Release|Any CPU = Release|Any CPU
	EndGlobalSection
	GlobalSection(ProjectConfigurationPlatforms) = postSolution
		{BB2B3DA4-233A-4D30-885E-673D538BDEEE}.Debug|Any CPU.ActiveCfg = Debug|Any CPU
		{BB2B3DA4-233A-4D30-885E-673D538BDEEE}.Debug|Any CPU.Build.0 = Debug|Any CPU
		{BB2B3DA4-233A-4D30-885E-673D538BDEEE}.Release|Any CPU.ActiveCfg = Release|Any CPU
		{BB2B3DA4-233A-4D30-885E-673D538BDEEE}.Release|Any CPU.Build.0 = Release|Any CPU
	EndGlobalSection
	GlobalSection(SolutionProperties) = preSolution
		HideSolutionNode = FALSE
	EndGlobalSection
	GlobalSection(ExtensibilityGlobals) = postSolution
		SolutionGuid = {D0116FD1-4DF4-42E8-9C47-8E3C5BAF8F42}
	EndGlobalSection
EndGlobal
